// !$*UTF8*$!
{
	archiveVersion = 1;
	classes = {
	};
	objectVersion = 46;
	objects = {

/* Begin PBXBuildFile section */
		DD04C67B1A1B62A9005B27AD /* icon2.png in Resources */ = {isa = PBXBuildFile; fileRef = DD04C6751A1B62A9005B27AD /* icon2.png */; };
		DD04C67C1A1B62A9005B27AD /* icon3.png in Resources */ = {isa = PBXBuildFile; fileRef = DD04C6761A1B62A9005B27AD /* icon3.png */; };
		DD04C67D1A1B62A9005B27AD /* icon4.png in Resources */ = {isa = PBXBuildFile; fileRef = DD04C6771A1B62A9005B27AD /* icon4.png */; };
		DD04C67E1A1B62A9005B27AD /* icon5.png in Resources */ = {isa = PBXBuildFile; fileRef = DD04C6781A1B62A9005B27AD /* icon5.png */; };
		DD04C6831A1CB688005B27AD /* todo01.png in Resources */ = {isa = PBXBuildFile; fileRef = DD04C6821A1CB688005B27AD /* todo01.png */; };
		DD04C68A1A1E0DEA005B27AD /* icon7.png in Resources */ = {isa = PBXBuildFile; fileRef = DD04C6881A1E0DEA005B27AD /* icon7.png */; };
		DD04C68F1A1E1206005B27AD /* icon9.png in Resources */ = {isa = PBXBuildFile; fileRef = DD04C68E1A1E1206005B27AD /* icon9.png */; };
		DD04C6911A1F4DAA005B27AD /* icon8.png in Resources */ = {isa = PBXBuildFile; fileRef = DD04C6901A1F4DAA005B27AD /* icon8.png */; };
		DD04C6931A1F4DB8005B27AD /* icon1.png in Resources */ = {isa = PBXBuildFile; fileRef = DD04C6921A1F4DB8005B27AD /* icon1.png */; };
		DD04C6951A1F4DCB005B27AD /* icon6.png in Resources */ = {isa = PBXBuildFile; fileRef = DD04C6941A1F4DCB005B27AD /* icon6.png */; };
		DD04C6991A20B56F005B27AD /* icon10.png in Resources */ = {isa = PBXBuildFile; fileRef = DD04C6981A20B56F005B27AD /* icon10.png */; };
		DD050B621802E9AB00AF0FCE /* GraphViewController.m in Sources */ = {isa = PBXBuildFile; fileRef = DD050B611802E9AB00AF0FCE /* GraphViewController.m */; };
		DD174CA21A78DEA2004695E0 /* AudioToolbox.framework in Frameworks */ = {isa = PBXBuildFile; fileRef = DD174CA11A78DEA2004695E0 /* AudioToolbox.framework */; };
		DD174CA41A78DEAA004695E0 /* CFNetwork.framework in Frameworks */ = {isa = PBXBuildFile; fileRef = DD174CA31A78DEAA004695E0 /* CFNetwork.framework */; };
		DD174CA61A78DEB9004695E0 /* CoreLocation.framework in Frameworks */ = {isa = PBXBuildFile; fileRef = DD174CA51A78DEB9004695E0 /* CoreLocation.framework */; };
		DD174CA81A78DEC3004695E0 /* MobileCoreServices.framework in Frameworks */ = {isa = PBXBuildFile; fileRef = DD174CA71A78DEC3004695E0 /* MobileCoreServices.framework */; };
		DD174CAA1A78DED3004695E0 /* QuartzCore.framework in Frameworks */ = {isa = PBXBuildFile; fileRef = DD174CA91A78DED3004695E0 /* QuartzCore.framework */; };
		DD174CAC1A78DEDE004695E0 /* Security.framework in Frameworks */ = {isa = PBXBuildFile; fileRef = DD174CAB1A78DEDE004695E0 /* Security.framework */; };
		DD174CB01A78DEF4004695E0 /* SystemConfiguration.framework in Frameworks */ = {isa = PBXBuildFile; fileRef = DD174CAF1A78DEF4004695E0 /* SystemConfiguration.framework */; };
		DD174CB21A78DF03004695E0 /* libz.dylib in Frameworks */ = {isa = PBXBuildFile; fileRef = DD174CB11A78DF03004695E0 /* libz.dylib */; };
		DD174CB41A78DF0F004695E0 /* libsqlite3.dylib in Frameworks */ = {isa = PBXBuildFile; fileRef = DD174CB31A78DF0F004695E0 /* libsqlite3.dylib */; };
		DD1A03AE1A31B08200C89E1A /* checkView_iPad.png in Resources */ = {isa = PBXBuildFile; fileRef = DD1A03AC1A31B08200C89E1A /* checkView_iPad.png */; };
		DD1A03AF1A31B08200C89E1A /* checkView.png in Resources */ = {isa = PBXBuildFile; fileRef = DD1A03AD1A31B08200C89E1A /* checkView.png */; };
		DD1AFF651A90A7F8001276B5 /* libGoogleAnalyticsServices.a in Frameworks */ = {isa = PBXBuildFile; fileRef = DD1AFF641A90A7F8001276B5 /* libGoogleAnalyticsServices.a */; };
		DD1FBE6118B6056200C7AB12 /* todoicon_29.png in Resources */ = {isa = PBXBuildFile; fileRef = DD1FBE4F18B6056200C7AB12 /* todoicon_29.png */; };
		DD1FBE6318B6056200C7AB12 /* todoicon_40.png in Resources */ = {isa = PBXBuildFile; fileRef = DD1FBE5118B6056200C7AB12 /* todoicon_40.png */; };
		DD1FBE6418B6056200C7AB12 /* todoicon_50.png in Resources */ = {isa = PBXBuildFile; fileRef = DD1FBE5218B6056200C7AB12 /* todoicon_50.png */; };
		DD1FBE6518B6056200C7AB12 /* todoicon_57.png in Resources */ = {isa = PBXBuildFile; fileRef = DD1FBE5318B6056200C7AB12 /* todoicon_57.png */; };
		DD1FBE6618B6056200C7AB12 /* todoicon_58.png in Resources */ = {isa = PBXBuildFile; fileRef = DD1FBE5418B6056200C7AB12 /* todoicon_58.png */; };
		DD1FBE6918B6056200C7AB12 /* todoicon_72.png in Resources */ = {isa = PBXBuildFile; fileRef = DD1FBE5718B6056200C7AB12 /* todoicon_72.png */; };
		DD1FBE6A18B6056200C7AB12 /* todoicon_76.png in Resources */ = {isa = PBXBuildFile; fileRef = DD1FBE5818B6056200C7AB12 /* todoicon_76.png */; };
		DD1FBE6B18B6056200C7AB12 /* todoicon_80.png in Resources */ = {isa = PBXBuildFile; fileRef = DD1FBE5918B6056200C7AB12 /* todoicon_80.png */; };
		DD1FBE6D18B6056200C7AB12 /* todoicon_100.png in Resources */ = {isa = PBXBuildFile; fileRef = DD1FBE5B18B6056200C7AB12 /* todoicon_100.png */; };
		DD1FBE6E18B6056200C7AB12 /* todoicon_114.png in Resources */ = {isa = PBXBuildFile; fileRef = DD1FBE5C18B6056200C7AB12 /* todoicon_114.png */; };
		DD1FBE6F18B6056200C7AB12 /* todoicon_120.png in Resources */ = {isa = PBXBuildFile; fileRef = DD1FBE5D18B6056200C7AB12 /* todoicon_120.png */; };
		DD1FBE7018B6056200C7AB12 /* todoicon_144.png in Resources */ = {isa = PBXBuildFile; fileRef = DD1FBE5E18B6056200C7AB12 /* todoicon_144.png */; };
		DD1FBE7118B6056200C7AB12 /* todoicon_152.png in Resources */ = {isa = PBXBuildFile; fileRef = DD1FBE5F18B6056200C7AB12 /* todoicon_152.png */; };
		DD1FBE7518B607C000C7AB12 /* CoreGraphics.framework in Frameworks */ = {isa = PBXBuildFile; fileRef = DDE8E6A817AA042400B8AA4F /* CoreGraphics.framework */; };
		DD28FD551A94ABF70076079E /* clock.png in Resources */ = {isa = PBXBuildFile; fileRef = DD28FD531A94ABF70076079E /* clock.png */; };
		DD28FD561A94ABF70076079E /* exclamation.png in Resources */ = {isa = PBXBuildFile; fileRef = DD28FD541A94ABF70076079E /* exclamation.png */; };
		DD2BC3281A78F1C800176691 /* Bolts.framework in Frameworks */ = {isa = PBXBuildFile; fileRef = DD2BC3231A78F1C800176691 /* Bolts.framework */; };
		DD2BC32A1A78F1C800176691 /* ParseCrashReporting.framework in Frameworks */ = {isa = PBXBuildFile; fileRef = DD2BC3251A78F1C800176691 /* ParseCrashReporting.framework */; };
		DD2BC32B1A78F1C800176691 /* ParseFacebookUtils.framework in Frameworks */ = {isa = PBXBuildFile; fileRef = DD2BC3261A78F1C800176691 /* ParseFacebookUtils.framework */; };
		DD2BC32C1A78F1C800176691 /* ParseUI.framework in Frameworks */ = {isa = PBXBuildFile; fileRef = DD2BC3271A78F1C800176691 /* ParseUI.framework */; };
		DD2BC32D1A78F32B00176691 /* Parse.framework in Frameworks */ = {isa = PBXBuildFile; fileRef = DD2BC3241A78F1C800176691 /* Parse.framework */; };
		DD4C7B5C187D49FE00A7FC53 /* azuki.ttf in Resources */ = {isa = PBXBuildFile; fileRef = DD4C7B5B187D49FE00A7FC53 /* azuki.ttf */; };
		DD6A68A61A305F1700EE68E5 /* ContentsView.m in Sources */ = {isa = PBXBuildFile; fileRef = DD6A68A51A305F1700EE68E5 /* ContentsView.m */; };
		DD6A68A81A3063BE00EE68E5 /* contentsView.png in Resources */ = {isa = PBXBuildFile; fileRef = DD6A68A71A3063BE00EE68E5 /* contentsView.png */; };
		DD6A68C01A307A4700EE68E5 /* iconTodo.png in Resources */ = {isa = PBXBuildFile; fileRef = DD6A68BF1A307A4700EE68E5 /* iconTodo.png */; };
		DD6CD8731A90777A00477907 /* AdSupport.framework in Frameworks */ = {isa = PBXBuildFile; fileRef = DD6CD8721A90777A00477907 /* AdSupport.framework */; };
		DD6CD8751A90778900477907 /* CoreData.framework in Frameworks */ = {isa = PBXBuildFile; fileRef = DD6CD8741A90778800477907 /* CoreData.framework */; };
		DD6E155C17B90BD000D24891 /* SetteiViewController.m in Sources */ = {isa = PBXBuildFile; fileRef = DD6E155B17B90BD000D24891 /* SetteiViewController.m */; };
		DD8B6E5917BB191A00414607 /* StampViewController.m in Sources */ = {isa = PBXBuildFile; fileRef = DD8B6E5817BB191A00414607 /* StampViewController.m */; };
		DDA86C3E1A232D270052D35F /* Images.xcassets in Resources */ = {isa = PBXBuildFile; fileRef = DDA86C3D1A232D270052D35F /* Images.xcassets */; };
		DDA86C4D1A2605A70052D35F /* icon11.png in Resources */ = {isa = PBXBuildFile; fileRef = DDA86C4B1A2605A70052D35F /* icon11.png */; };
		DDA86C4E1A2605A70052D35F /* icon12.png in Resources */ = {isa = PBXBuildFile; fileRef = DDA86C4C1A2605A70052D35F /* icon12.png */; };
		DDA86C561A2AD6490052D35F /* todo01_3.5.png in Resources */ = {isa = PBXBuildFile; fileRef = DDA86C551A2AD6490052D35F /* todo01_3.5.png */; };
		DDA86C581A2AD7D00052D35F /* todo01_iPad.png in Resources */ = {isa = PBXBuildFile; fileRef = DDA86C571A2AD7D00052D35F /* todo01_iPad.png */; };
		DDA86C5C1A2ADC170052D35F /* plusView_iPad.png in Resources */ = {isa = PBXBuildFile; fileRef = DDA86C5B1A2ADC170052D35F /* plusView_iPad.png */; };
		DDA86C601A2ADE7A0052D35F /* trashView_iPad.png in Resources */ = {isa = PBXBuildFile; fileRef = DDA86C5F1A2ADE7A0052D35F /* trashView_iPad.png */; };
		DDA86C6A1A2AE3620052D35F /* todoSplash_960.640.png in Resources */ = {isa = PBXBuildFile; fileRef = DDA86C671A2AE3620052D35F /* todoSplash_960.640.png */; };
		DDA86C6B1A2AE3620052D35F /* todoSplash_1024.768.png in Resources */ = {isa = PBXBuildFile; fileRef = DDA86C681A2AE3620052D35F /* todoSplash_1024.768.png */; };
		DDA86C6C1A2AE3620052D35F /* todoSplash_1136.640.png in Resources */ = {isa = PBXBuildFile; fileRef = DDA86C691A2AE3620052D35F /* todoSplash_1136.640.png */; };
		DDA86C6E1A2AE41B0052D35F /* todoSplash_2048.1536.png in Resources */ = {isa = PBXBuildFile; fileRef = DDA86C6D1A2AE41B0052D35F /* todoSplash_2048.1536.png */; };
		DDA86C701A2AE4D60052D35F /* todoSplash_480.320.png in Resources */ = {isa = PBXBuildFile; fileRef = DDA86C6F1A2AE4D60052D35F /* todoSplash_480.320.png */; };
		DDA86C731A2AE7630052D35F /* plusView_iPhone.png in Resources */ = {isa = PBXBuildFile; fileRef = DDA86C711A2AE7630052D35F /* plusView_iPhone.png */; };
		DDA86C741A2AE7630052D35F /* trashView_iPhone.png in Resources */ = {isa = PBXBuildFile; fileRef = DDA86C721A2AE7630052D35F /* trashView_iPhone.png */; };
		DDA86C801A2B0A760052D35F /* icon2_todo.png in Resources */ = {isa = PBXBuildFile; fileRef = DDA86C7F1A2B0A760052D35F /* icon2_todo.png */; };
		DDA86C821A2B0B110052D35F /* icon1_todo.png in Resources */ = {isa = PBXBuildFile; fileRef = DDA86C811A2B0B110052D35F /* icon1_todo.png */; };
		DDA86C861A2B0D570052D35F /* icon3_todo.png in Resources */ = {isa = PBXBuildFile; fileRef = DDA86C851A2B0D570052D35F /* icon3_todo.png */; };
		DDA86C8C1A2B0E900052D35F /* icon4_todo.png in Resources */ = {isa = PBXBuildFile; fileRef = DDA86C8B1A2B0E8F0052D35F /* icon4_todo.png */; };
		DDA86C901A2B30220052D35F /* icon5_todo.png in Resources */ = {isa = PBXBuildFile; fileRef = DDA86C8F1A2B30220052D35F /* icon5_todo.png */; };
		DDA86C941A2B32900052D35F /* icon6_todo.png in Resources */ = {isa = PBXBuildFile; fileRef = DDA86C931A2B32900052D35F /* icon6_todo.png */; };
		DDA86C9C1A2B441F0052D35F /* icon7_todo.png in Resources */ = {isa = PBXBuildFile; fileRef = DDA86C9B1A2B441F0052D35F /* icon7_todo.png */; };
		DDA86C9E1A2B45D00052D35F /* icon8_todo.png in Resources */ = {isa = PBXBuildFile; fileRef = DDA86C9D1A2B45D00052D35F /* icon8_todo.png */; };
		DDA86CA01A2B46900052D35F /* icon9_todo.png in Resources */ = {isa = PBXBuildFile; fileRef = DDA86C9F1A2B46900052D35F /* icon9_todo.png */; };
		DDA86CA41A2B48550052D35F /* icon10_todo.png in Resources */ = {isa = PBXBuildFile; fileRef = DDA86CA31A2B48550052D35F /* icon10_todo.png */; };
		DDA86CA81A2B4AD00052D35F /* icon11_todo.png in Resources */ = {isa = PBXBuildFile; fileRef = DDA86CA71A2B4AD00052D35F /* icon11_todo.png */; };
		DDA86CAA1A2B4B940052D35F /* icon12_todo.png in Resources */ = {isa = PBXBuildFile; fileRef = DDA86CA91A2B4B940052D35F /* icon12_todo.png */; };
		DDA86CAD1A2B4CE30052D35F /* backView.png in Resources */ = {isa = PBXBuildFile; fileRef = DDA86CAB1A2B4CE30052D35F /* backView.png */; };
		DDA86CBA1A2B54210052D35F /* setting.png in Resources */ = {isa = PBXBuildFile; fileRef = DDA86CB91A2B54210052D35F /* setting.png */; };
		DDA86CBC1A2B59150052D35F /* setting_3.5.png in Resources */ = {isa = PBXBuildFile; fileRef = DDA86CBB1A2B59150052D35F /* setting_3.5.png */; };
		DDA86CC11A2B5EAF0052D35F /* backView_iPadsize.png in Resources */ = {isa = PBXBuildFile; fileRef = DDA86CBF1A2B5EAF0052D35F /* backView_iPadsize.png */; };
		DDD1041A18A2528C006DD1BD /* MainStoryboard.storyboard in Resources */ = {isa = PBXBuildFile; fileRef = DDD1041918A2528C006DD1BD /* MainStoryboard.storyboard */; };
		DDDC7ACB1A305C3E003592C3 /* closeView.png in Resources */ = {isa = PBXBuildFile; fileRef = DDDC7AC91A305C3E003592C3 /* closeView.png */; };
		DDDED97E17E9B28600DC97FA /* Storyboard_3.5.storyboard in Resources */ = {isa = PBXBuildFile; fileRef = DDDED97D17E9B28600DC97FA /* Storyboard_3.5.storyboard */; };
		DDDED98017E9B37700DC97FA /* Storyboard_iPad.storyboard in Resources */ = {isa = PBXBuildFile; fileRef = DDDED97F17E9B37700DC97FA /* Storyboard_iPad.storyboard */; };
		DDE8E6A517AA042400B8AA4F /* UIKit.framework in Frameworks */ = {isa = PBXBuildFile; fileRef = DDE8E6A417AA042400B8AA4F /* UIKit.framework */; };
		DDE8E6A717AA042400B8AA4F /* Foundation.framework in Frameworks */ = {isa = PBXBuildFile; fileRef = DDE8E6A617AA042400B8AA4F /* Foundation.framework */; };
		DDE8E6A917AA042400B8AA4F /* CoreGraphics.framework in Frameworks */ = {isa = PBXBuildFile; fileRef = DDE8E6A817AA042400B8AA4F /* CoreGraphics.framework */; };
		DDE8E6AF17AA042400B8AA4F /* InfoPlist.strings in Resources */ = {isa = PBXBuildFile; fileRef = DDE8E6AD17AA042400B8AA4F /* InfoPlist.strings */; };
		DDE8E6B117AA042400B8AA4F /* main.m in Sources */ = {isa = PBXBuildFile; fileRef = DDE8E6B017AA042400B8AA4F /* main.m */; };
		DDE8E6B517AA042400B8AA4F /* AppDelegate.m in Sources */ = {isa = PBXBuildFile; fileRef = DDE8E6B417AA042400B8AA4F /* AppDelegate.m */; };
		DDE8E6B717AA042400B8AA4F /* Default.png in Resources */ = {isa = PBXBuildFile; fileRef = DDE8E6B617AA042400B8AA4F /* Default.png */; };
		DDE8E6B917AA042400B8AA4F /* Default@2x.png in Resources */ = {isa = PBXBuildFile; fileRef = DDE8E6B817AA042400B8AA4F /* Default@2x.png */; };
		DDE8E6BB17AA042400B8AA4F /* Default-568h@2x.png in Resources */ = {isa = PBXBuildFile; fileRef = DDE8E6BA17AA042400B8AA4F /* Default-568h@2x.png */; };
		DDE8E6CA17AA042400B8AA4F /* UIKit.framework in Frameworks */ = {isa = PBXBuildFile; fileRef = DDE8E6A417AA042400B8AA4F /* UIKit.framework */; };
		DDE8E6CB17AA042400B8AA4F /* Foundation.framework in Frameworks */ = {isa = PBXBuildFile; fileRef = DDE8E6A617AA042400B8AA4F /* Foundation.framework */; };
		DDE8E6D317AA042400B8AA4F /* InfoPlist.strings in Resources */ = {isa = PBXBuildFile; fileRef = DDE8E6D117AA042400B8AA4F /* InfoPlist.strings */; };
		DDE8E6D617AA042400B8AA4F /* TODO_graphTests.m in Sources */ = {isa = PBXBuildFile; fileRef = DDE8E6D517AA042400B8AA4F /* TODO_graphTests.m */; };
		DDFFA0FE1A2C69220065B15C /* iconBack.png in Resources */ = {isa = PBXBuildFile; fileRef = DDFFA0FD1A2C69220065B15C /* iconBack.png */; };
		DDFFA1041A2DBD1B0065B15C /* setting_iPad.png in Resources */ = {isa = PBXBuildFile; fileRef = DDFFA1031A2DBD1B0065B15C /* setting_iPad.png */; };
/* End PBXBuildFile section */

/* Begin PBXContainerItemProxy section */
		DDE8E6CC17AA042400B8AA4F /* PBXContainerItemProxy */ = {
			isa = PBXContainerItemProxy;
			containerPortal = DDE8E69917AA042400B8AA4F /* Project object */;
			proxyType = 1;
			remoteGlobalIDString = DDE8E6A017AA042400B8AA4F;
			remoteInfo = "TODO graph";
		};
/* End PBXContainerItemProxy section */

/* Begin PBXFileReference section */
		DD04C6751A1B62A9005B27AD /* icon2.png */ = {isa = PBXFileReference; lastKnownFileType = image.png; path = icon2.png; sourceTree = "<group>"; };
		DD04C6761A1B62A9005B27AD /* icon3.png */ = {isa = PBXFileReference; lastKnownFileType = image.png; path = icon3.png; sourceTree = "<group>"; };
		DD04C6771A1B62A9005B27AD /* icon4.png */ = {isa = PBXFileReference; lastKnownFileType = image.png; path = icon4.png; sourceTree = "<group>"; };
		DD04C6781A1B62A9005B27AD /* icon5.png */ = {isa = PBXFileReference; lastKnownFileType = image.png; path = icon5.png; sourceTree = "<group>"; };
		DD04C6821A1CB688005B27AD /* todo01.png */ = {isa = PBXFileReference; lastKnownFileType = image.png; path = todo01.png; sourceTree = "<group>"; };
		DD04C6881A1E0DEA005B27AD /* icon7.png */ = {isa = PBXFileReference; lastKnownFileType = image.png; path = icon7.png; sourceTree = "<group>"; };
		DD04C68E1A1E1206005B27AD /* icon9.png */ = {isa = PBXFileReference; lastKnownFileType = image.png; path = icon9.png; sourceTree = "<group>"; };
		DD04C6901A1F4DAA005B27AD /* icon8.png */ = {isa = PBXFileReference; lastKnownFileType = image.png; path = icon8.png; sourceTree = "<group>"; };
		DD04C6921A1F4DB8005B27AD /* icon1.png */ = {isa = PBXFileReference; lastKnownFileType = image.png; path = icon1.png; sourceTree = "<group>"; };
		DD04C6941A1F4DCB005B27AD /* icon6.png */ = {isa = PBXFileReference; lastKnownFileType = image.png; path = icon6.png; sourceTree = "<group>"; };
		DD04C6981A20B56F005B27AD /* icon10.png */ = {isa = PBXFileReference; lastKnownFileType = image.png; path = icon10.png; sourceTree = "<group>"; };
		DD050B601802E9AB00AF0FCE /* GraphViewController.h */ = {isa = PBXFileReference; fileEncoding = 4; lastKnownFileType = sourcecode.c.h; path = GraphViewController.h; sourceTree = "<group>"; };
		DD050B611802E9AB00AF0FCE /* GraphViewController.m */ = {isa = PBXFileReference; fileEncoding = 4; lastKnownFileType = sourcecode.c.objc; path = GraphViewController.m; sourceTree = "<group>"; wrapsLines = 1; };
		DD174CA11A78DEA2004695E0 /* AudioToolbox.framework */ = {isa = PBXFileReference; lastKnownFileType = wrapper.framework; name = AudioToolbox.framework; path = System/Library/Frameworks/AudioToolbox.framework; sourceTree = SDKROOT; };
		DD174CA31A78DEAA004695E0 /* CFNetwork.framework */ = {isa = PBXFileReference; lastKnownFileType = wrapper.framework; name = CFNetwork.framework; path = System/Library/Frameworks/CFNetwork.framework; sourceTree = SDKROOT; };
		DD174CA51A78DEB9004695E0 /* CoreLocation.framework */ = {isa = PBXFileReference; lastKnownFileType = wrapper.framework; name = CoreLocation.framework; path = System/Library/Frameworks/CoreLocation.framework; sourceTree = SDKROOT; };
		DD174CA71A78DEC3004695E0 /* MobileCoreServices.framework */ = {isa = PBXFileReference; lastKnownFileType = wrapper.framework; name = MobileCoreServices.framework; path = System/Library/Frameworks/MobileCoreServices.framework; sourceTree = SDKROOT; };
		DD174CA91A78DED3004695E0 /* QuartzCore.framework */ = {isa = PBXFileReference; lastKnownFileType = wrapper.framework; name = QuartzCore.framework; path = System/Library/Frameworks/QuartzCore.framework; sourceTree = SDKROOT; };
		DD174CAB1A78DEDE004695E0 /* Security.framework */ = {isa = PBXFileReference; lastKnownFileType = wrapper.framework; name = Security.framework; path = System/Library/Frameworks/Security.framework; sourceTree = SDKROOT; };
		DD174CAF1A78DEF4004695E0 /* SystemConfiguration.framework */ = {isa = PBXFileReference; lastKnownFileType = wrapper.framework; name = SystemConfiguration.framework; path = System/Library/Frameworks/SystemConfiguration.framework; sourceTree = SDKROOT; };
		DD174CB11A78DF03004695E0 /* libz.dylib */ = {isa = PBXFileReference; lastKnownFileType = "compiled.mach-o.dylib"; name = libz.dylib; path = usr/lib/libz.dylib; sourceTree = SDKROOT; };
		DD174CB31A78DF0F004695E0 /* libsqlite3.dylib */ = {isa = PBXFileReference; lastKnownFileType = "compiled.mach-o.dylib"; name = libsqlite3.dylib; path = usr/lib/libsqlite3.dylib; sourceTree = SDKROOT; };
		DD1A03AC1A31B08200C89E1A /* checkView_iPad.png */ = {isa = PBXFileReference; lastKnownFileType = image.png; path = checkView_iPad.png; sourceTree = "<group>"; };
		DD1A03AD1A31B08200C89E1A /* checkView.png */ = {isa = PBXFileReference; lastKnownFileType = image.png; path = checkView.png; sourceTree = "<group>"; };
		DD1AFF5E1A90A799001276B5 /* GAI.h */ = {isa = PBXFileReference; lastKnownFileType = sourcecode.c.h; path = GAI.h; sourceTree = "<group>"; };
		DD1AFF5F1A90A7B8001276B5 /* GAITracker.h */ = {isa = PBXFileReference; lastKnownFileType = sourcecode.c.h; path = GAITracker.h; sourceTree = "<group>"; };
		DD1AFF601A90A7C0001276B5 /* GAITrackedViewController.h */ = {isa = PBXFileReference; lastKnownFileType = sourcecode.c.h; path = GAITrackedViewController.h; sourceTree = "<group>"; };
		DD1AFF611A90A7CA001276B5 /* GAIDictionaryBuilder.h */ = {isa = PBXFileReference; lastKnownFileType = sourcecode.c.h; path = GAIDictionaryBuilder.h; sourceTree = "<group>"; };
		DD1AFF621A90A7DC001276B5 /* GAIFields.h */ = {isa = PBXFileReference; lastKnownFileType = sourcecode.c.h; path = GAIFields.h; sourceTree = "<group>"; };
		DD1AFF631A90A7E3001276B5 /* GAILogger.h */ = {isa = PBXFileReference; lastKnownFileType = sourcecode.c.h; path = GAILogger.h; sourceTree = "<group>"; };
		DD1AFF641A90A7F8001276B5 /* libGoogleAnalyticsServices.a */ = {isa = PBXFileReference; lastKnownFileType = archive.ar; path = libGoogleAnalyticsServices.a; sourceTree = "<group>"; };
		DD1FBE4F18B6056200C7AB12 /* todoicon_29.png */ = {isa = PBXFileReference; lastKnownFileType = image.png; name = todoicon_29.png; path = ../todoicon_29.png; sourceTree = "<group>"; };
		DD1FBE5118B6056200C7AB12 /* todoicon_40.png */ = {isa = PBXFileReference; lastKnownFileType = image.png; name = todoicon_40.png; path = ../todoicon_40.png; sourceTree = "<group>"; };
		DD1FBE5218B6056200C7AB12 /* todoicon_50.png */ = {isa = PBXFileReference; lastKnownFileType = image.png; name = todoicon_50.png; path = ../todoicon_50.png; sourceTree = "<group>"; };
		DD1FBE5318B6056200C7AB12 /* todoicon_57.png */ = {isa = PBXFileReference; lastKnownFileType = image.png; name = todoicon_57.png; path = ../todoicon_57.png; sourceTree = "<group>"; };
		DD1FBE5418B6056200C7AB12 /* todoicon_58.png */ = {isa = PBXFileReference; lastKnownFileType = image.png; name = todoicon_58.png; path = ../todoicon_58.png; sourceTree = "<group>"; };
		DD1FBE5718B6056200C7AB12 /* todoicon_72.png */ = {isa = PBXFileReference; lastKnownFileType = image.png; name = todoicon_72.png; path = ../todoicon_72.png; sourceTree = "<group>"; };
		DD1FBE5818B6056200C7AB12 /* todoicon_76.png */ = {isa = PBXFileReference; lastKnownFileType = image.png; name = todoicon_76.png; path = ../todoicon_76.png; sourceTree = "<group>"; };
		DD1FBE5918B6056200C7AB12 /* todoicon_80.png */ = {isa = PBXFileReference; lastKnownFileType = image.png; name = todoicon_80.png; path = ../todoicon_80.png; sourceTree = "<group>"; };
		DD1FBE5B18B6056200C7AB12 /* todoicon_100.png */ = {isa = PBXFileReference; lastKnownFileType = image.png; name = todoicon_100.png; path = ../todoicon_100.png; sourceTree = "<group>"; };
		DD1FBE5C18B6056200C7AB12 /* todoicon_114.png */ = {isa = PBXFileReference; lastKnownFileType = image.png; name = todoicon_114.png; path = ../todoicon_114.png; sourceTree = "<group>"; };
		DD1FBE5D18B6056200C7AB12 /* todoicon_120.png */ = {isa = PBXFileReference; lastKnownFileType = image.png; name = todoicon_120.png; path = ../todoicon_120.png; sourceTree = "<group>"; };
		DD1FBE5E18B6056200C7AB12 /* todoicon_144.png */ = {isa = PBXFileReference; lastKnownFileType = image.png; name = todoicon_144.png; path = ../todoicon_144.png; sourceTree = "<group>"; };
		DD1FBE5F18B6056200C7AB12 /* todoicon_152.png */ = {isa = PBXFileReference; lastKnownFileType = image.png; name = todoicon_152.png; path = ../todoicon_152.png; sourceTree = "<group>"; };
		DD28FD531A94ABF70076079E /* clock.png */ = {isa = PBXFileReference; lastKnownFileType = image.png; path = clock.png; sourceTree = "<group>"; };
		DD28FD541A94ABF70076079E /* exclamation.png */ = {isa = PBXFileReference; lastKnownFileType = image.png; path = exclamation.png; sourceTree = "<group>"; };
		DD2BC3231A78F1C800176691 /* Bolts.framework */ = {isa = PBXFileReference; lastKnownFileType = wrapper.framework; path = Bolts.framework; sourceTree = "<group>"; };
		DD2BC3241A78F1C800176691 /* Parse.framework */ = {isa = PBXFileReference; lastKnownFileType = wrapper.framework; path = Parse.framework; sourceTree = "<group>"; };
		DD2BC3251A78F1C800176691 /* ParseCrashReporting.framework */ = {isa = PBXFileReference; lastKnownFileType = wrapper.framework; path = ParseCrashReporting.framework; sourceTree = "<group>"; };
		DD2BC3261A78F1C800176691 /* ParseFacebookUtils.framework */ = {isa = PBXFileReference; lastKnownFileType = wrapper.framework; path = ParseFacebookUtils.framework; sourceTree = "<group>"; };
		DD2BC3271A78F1C800176691 /* ParseUI.framework */ = {isa = PBXFileReference; lastKnownFileType = wrapper.framework; path = ParseUI.framework; sourceTree = "<group>"; };
		DD4C7B5B187D49FE00A7FC53 /* azuki.ttf */ = {isa = PBXFileReference; lastKnownFileType = file; path = azuki.ttf; sourceTree = "<group>"; };
		DD6A68A41A305F1700EE68E5 /* ContentsView.h */ = {isa = PBXFileReference; fileEncoding = 4; lastKnownFileType = sourcecode.c.h; path = ContentsView.h; sourceTree = "<group>"; };
		DD6A68A51A305F1700EE68E5 /* ContentsView.m */ = {isa = PBXFileReference; fileEncoding = 4; lastKnownFileType = sourcecode.c.objc; path = ContentsView.m; sourceTree = "<group>"; };
		DD6A68A71A3063BE00EE68E5 /* contentsView.png */ = {isa = PBXFileReference; lastKnownFileType = image.png; path = contentsView.png; sourceTree = "<group>"; };
		DD6A68BF1A307A4700EE68E5 /* iconTodo.png */ = {isa = PBXFileReference; lastKnownFileType = image.png; path = iconTodo.png; sourceTree = "<group>"; };
		DD6CD8721A90777A00477907 /* AdSupport.framework */ = {isa = PBXFileReference; lastKnownFileType = wrapper.framework; name = AdSupport.framework; path = System/Library/Frameworks/AdSupport.framework; sourceTree = SDKROOT; };
		DD6CD8741A90778800477907 /* CoreData.framework */ = {isa = PBXFileReference; lastKnownFileType = wrapper.framework; name = CoreData.framework; path = System/Library/Frameworks/CoreData.framework; sourceTree = SDKROOT; };
		DD6E155A17B90BD000D24891 /* SetteiViewController.h */ = {isa = PBXFileReference; fileEncoding = 4; lastKnownFileType = sourcecode.c.h; name = SetteiViewController.h; path = ../SetteiViewController.h; sourceTree = "<group>"; };
		DD6E155B17B90BD000D24891 /* SetteiViewController.m */ = {isa = PBXFileReference; fileEncoding = 4; lastKnownFileType = sourcecode.c.objc; name = SetteiViewController.m; path = ../SetteiViewController.m; sourceTree = "<group>"; };
		DD8B6E5717BB191A00414607 /* StampViewController.h */ = {isa = PBXFileReference; fileEncoding = 4; lastKnownFileType = sourcecode.c.h; name = StampViewController.h; path = ../StampViewController.h; sourceTree = "<group>"; };
		DD8B6E5817BB191A00414607 /* StampViewController.m */ = {isa = PBXFileReference; fileEncoding = 4; lastKnownFileType = sourcecode.c.objc; name = StampViewController.m; path = ../StampViewController.m; sourceTree = "<group>"; };
		DDA86C3D1A232D270052D35F /* Images.xcassets */ = {isa = PBXFileReference; lastKnownFileType = folder.assetcatalog; path = Images.xcassets; sourceTree = "<group>"; };
		DDA86C4B1A2605A70052D35F /* icon11.png */ = {isa = PBXFileReference; lastKnownFileType = image.png; path = icon11.png; sourceTree = "<group>"; };
		DDA86C4C1A2605A70052D35F /* icon12.png */ = {isa = PBXFileReference; lastKnownFileType = image.png; path = icon12.png; sourceTree = "<group>"; };
		DDA86C551A2AD6490052D35F /* todo01_3.5.png */ = {isa = PBXFileReference; lastKnownFileType = image.png; path = todo01_3.5.png; sourceTree = "<group>"; };
		DDA86C571A2AD7D00052D35F /* todo01_iPad.png */ = {isa = PBXFileReference; lastKnownFileType = image.png; path = todo01_iPad.png; sourceTree = "<group>"; };
		DDA86C5B1A2ADC170052D35F /* plusView_iPad.png */ = {isa = PBXFileReference; lastKnownFileType = image.png; path = plusView_iPad.png; sourceTree = "<group>"; };
		DDA86C5F1A2ADE7A0052D35F /* trashView_iPad.png */ = {isa = PBXFileReference; lastKnownFileType = image.png; path = trashView_iPad.png; sourceTree = "<group>"; };
		DDA86C671A2AE3620052D35F /* todoSplash_960.640.png */ = {isa = PBXFileReference; lastKnownFileType = image.png; name = todoSplash_960.640.png; path = ../todoSplash_960.640.png; sourceTree = "<group>"; };
		DDA86C681A2AE3620052D35F /* todoSplash_1024.768.png */ = {isa = PBXFileReference; lastKnownFileType = image.png; name = todoSplash_1024.768.png; path = ../todoSplash_1024.768.png; sourceTree = "<group>"; };
		DDA86C691A2AE3620052D35F /* todoSplash_1136.640.png */ = {isa = PBXFileReference; lastKnownFileType = image.png; name = todoSplash_1136.640.png; path = ../todoSplash_1136.640.png; sourceTree = "<group>"; };
		DDA86C6D1A2AE41B0052D35F /* todoSplash_2048.1536.png */ = {isa = PBXFileReference; lastKnownFileType = image.png; name = todoSplash_2048.1536.png; path = ../todoSplash_2048.1536.png; sourceTree = "<group>"; };
		DDA86C6F1A2AE4D60052D35F /* todoSplash_480.320.png */ = {isa = PBXFileReference; lastKnownFileType = image.png; name = todoSplash_480.320.png; path = ../todoSplash_480.320.png; sourceTree = "<group>"; };
		DDA86C711A2AE7630052D35F /* plusView_iPhone.png */ = {isa = PBXFileReference; lastKnownFileType = image.png; path = plusView_iPhone.png; sourceTree = "<group>"; };
		DDA86C721A2AE7630052D35F /* trashView_iPhone.png */ = {isa = PBXFileReference; lastKnownFileType = image.png; path = trashView_iPhone.png; sourceTree = "<group>"; };
		DDA86C7F1A2B0A760052D35F /* icon2_todo.png */ = {isa = PBXFileReference; lastKnownFileType = image.png; path = icon2_todo.png; sourceTree = "<group>"; };
		DDA86C811A2B0B110052D35F /* icon1_todo.png */ = {isa = PBXFileReference; lastKnownFileType = image.png; path = icon1_todo.png; sourceTree = "<group>"; };
		DDA86C851A2B0D570052D35F /* icon3_todo.png */ = {isa = PBXFileReference; lastKnownFileType = image.png; path = icon3_todo.png; sourceTree = "<group>"; };
		DDA86C8B1A2B0E8F0052D35F /* icon4_todo.png */ = {isa = PBXFileReference; lastKnownFileType = image.png; path = icon4_todo.png; sourceTree = "<group>"; };
		DDA86C8F1A2B30220052D35F /* icon5_todo.png */ = {isa = PBXFileReference; lastKnownFileType = image.png; path = icon5_todo.png; sourceTree = "<group>"; };
		DDA86C931A2B32900052D35F /* icon6_todo.png */ = {isa = PBXFileReference; lastKnownFileType = image.png; path = icon6_todo.png; sourceTree = "<group>"; };
		DDA86C9B1A2B441F0052D35F /* icon7_todo.png */ = {isa = PBXFileReference; lastKnownFileType = image.png; path = icon7_todo.png; sourceTree = "<group>"; };
		DDA86C9D1A2B45D00052D35F /* icon8_todo.png */ = {isa = PBXFileReference; lastKnownFileType = image.png; path = icon8_todo.png; sourceTree = "<group>"; };
		DDA86C9F1A2B46900052D35F /* icon9_todo.png */ = {isa = PBXFileReference; lastKnownFileType = image.png; path = icon9_todo.png; sourceTree = "<group>"; };
		DDA86CA31A2B48550052D35F /* icon10_todo.png */ = {isa = PBXFileReference; lastKnownFileType = image.png; path = icon10_todo.png; sourceTree = "<group>"; };
		DDA86CA71A2B4AD00052D35F /* icon11_todo.png */ = {isa = PBXFileReference; lastKnownFileType = image.png; path = icon11_todo.png; sourceTree = "<group>"; };
		DDA86CA91A2B4B940052D35F /* icon12_todo.png */ = {isa = PBXFileReference; lastKnownFileType = image.png; path = icon12_todo.png; sourceTree = "<group>"; };
		DDA86CAB1A2B4CE30052D35F /* backView.png */ = {isa = PBXFileReference; lastKnownFileType = image.png; path = backView.png; sourceTree = "<group>"; };
		DDA86CB91A2B54210052D35F /* setting.png */ = {isa = PBXFileReference; lastKnownFileType = image.png; path = setting.png; sourceTree = "<group>"; };
		DDA86CBB1A2B59150052D35F /* setting_3.5.png */ = {isa = PBXFileReference; lastKnownFileType = image.png; path = setting_3.5.png; sourceTree = "<group>"; };
		DDA86CBF1A2B5EAF0052D35F /* backView_iPadsize.png */ = {isa = PBXFileReference; lastKnownFileType = image.png; path = backView_iPadsize.png; sourceTree = "<group>"; };
		DDD1041918A2528C006DD1BD /* MainStoryboard.storyboard */ = {isa = PBXFileReference; fileEncoding = 4; lastKnownFileType = file.storyboard; path = MainStoryboard.storyboard; sourceTree = "<group>"; };
		DDDC7AC91A305C3E003592C3 /* closeView.png */ = {isa = PBXFileReference; lastKnownFileType = image.png; path = closeView.png; sourceTree = "<group>"; };
		DDDED97D17E9B28600DC97FA /* Storyboard_3.5.storyboard */ = {isa = PBXFileReference; fileEncoding = 4; lastKnownFileType = file.storyboard; path = Storyboard_3.5.storyboard; sourceTree = "<group>"; };
		DDDED97F17E9B37700DC97FA /* Storyboard_iPad.storyboard */ = {isa = PBXFileReference; fileEncoding = 4; lastKnownFileType = file.storyboard; path = Storyboard_iPad.storyboard; sourceTree = "<group>"; };
		DDE8E6A117AA042400B8AA4F /* TODO graph.app */ = {isa = PBXFileReference; explicitFileType = wrapper.application; includeInIndex = 0; path = "TODO graph.app"; sourceTree = BUILT_PRODUCTS_DIR; };
		DDE8E6A417AA042400B8AA4F /* UIKit.framework */ = {isa = PBXFileReference; lastKnownFileType = wrapper.framework; name = UIKit.framework; path = System/Library/Frameworks/UIKit.framework; sourceTree = SDKROOT; };
		DDE8E6A617AA042400B8AA4F /* Foundation.framework */ = {isa = PBXFileReference; lastKnownFileType = wrapper.framework; name = Foundation.framework; path = System/Library/Frameworks/Foundation.framework; sourceTree = SDKROOT; };
		DDE8E6A817AA042400B8AA4F /* CoreGraphics.framework */ = {isa = PBXFileReference; lastKnownFileType = wrapper.framework; name = CoreGraphics.framework; path = System/Library/Frameworks/CoreGraphics.framework; sourceTree = SDKROOT; };
		DDE8E6AC17AA042400B8AA4F /* TODO graph-Info.plist */ = {isa = PBXFileReference; lastKnownFileType = text.plist.xml; path = "TODO graph-Info.plist"; sourceTree = "<group>"; };
		DDE8E6AE17AA042400B8AA4F /* en */ = {isa = PBXFileReference; lastKnownFileType = text.plist.strings; name = en; path = en.lproj/InfoPlist.strings; sourceTree = "<group>"; };
		DDE8E6B017AA042400B8AA4F /* main.m */ = {isa = PBXFileReference; lastKnownFileType = sourcecode.c.objc; path = main.m; sourceTree = "<group>"; };
		DDE8E6B217AA042400B8AA4F /* TODO graph-Prefix.pch */ = {isa = PBXFileReference; lastKnownFileType = sourcecode.c.h; path = "TODO graph-Prefix.pch"; sourceTree = "<group>"; };
		DDE8E6B317AA042400B8AA4F /* AppDelegate.h */ = {isa = PBXFileReference; lastKnownFileType = sourcecode.c.h; path = AppDelegate.h; sourceTree = "<group>"; };
		DDE8E6B417AA042400B8AA4F /* AppDelegate.m */ = {isa = PBXFileReference; lastKnownFileType = sourcecode.c.objc; path = AppDelegate.m; sourceTree = "<group>"; };
		DDE8E6B617AA042400B8AA4F /* Default.png */ = {isa = PBXFileReference; lastKnownFileType = image.png; path = Default.png; sourceTree = "<group>"; };
		DDE8E6B817AA042400B8AA4F /* Default@2x.png */ = {isa = PBXFileReference; lastKnownFileType = image.png; path = "Default@2x.png"; sourceTree = "<group>"; };
		DDE8E6BA17AA042400B8AA4F /* Default-568h@2x.png */ = {isa = PBXFileReference; lastKnownFileType = image.png; path = "Default-568h@2x.png"; sourceTree = "<group>"; };
		DDE8E6C717AA042400B8AA4F /* TODO graphTests.xctest */ = {isa = PBXFileReference; explicitFileType = wrapper.cfbundle; includeInIndex = 0; path = "TODO graphTests.xctest"; sourceTree = BUILT_PRODUCTS_DIR; };
		DDE8E6D017AA042400B8AA4F /* TODO graphTests-Info.plist */ = {isa = PBXFileReference; lastKnownFileType = text.plist.xml; path = "TODO graphTests-Info.plist"; sourceTree = "<group>"; };
		DDE8E6D217AA042400B8AA4F /* en */ = {isa = PBXFileReference; lastKnownFileType = text.plist.strings; name = en; path = en.lproj/InfoPlist.strings; sourceTree = "<group>"; };
		DDE8E6D417AA042400B8AA4F /* TODO_graphTests.h */ = {isa = PBXFileReference; lastKnownFileType = sourcecode.c.h; path = TODO_graphTests.h; sourceTree = "<group>"; };
		DDE8E6D517AA042400B8AA4F /* TODO_graphTests.m */ = {isa = PBXFileReference; lastKnownFileType = sourcecode.c.objc; path = TODO_graphTests.m; sourceTree = "<group>"; };
		DDFFA0FD1A2C69220065B15C /* iconBack.png */ = {isa = PBXFileReference; lastKnownFileType = image.png; path = iconBack.png; sourceTree = "<group>"; };
		DDFFA1031A2DBD1B0065B15C /* setting_iPad.png */ = {isa = PBXFileReference; lastKnownFileType = image.png; path = setting_iPad.png; sourceTree = "<group>"; };
/* End PBXFileReference section */

/* Begin PBXFrameworksBuildPhase section */
		DDE8E69E17AA042400B8AA4F /* Frameworks */ = {
			isa = PBXFrameworksBuildPhase;
			buildActionMask = 2147483647;
			files = (
				DD174CB21A78DF03004695E0 /* libz.dylib in Frameworks */,
				DD174CB01A78DEF4004695E0 /* SystemConfiguration.framework in Frameworks */,
				DD6CD8751A90778900477907 /* CoreData.framework in Frameworks */,
				DD6CD8731A90777A00477907 /* AdSupport.framework in Frameworks */,
				DD174CB41A78DF0F004695E0 /* libsqlite3.dylib in Frameworks */,
				DD2BC32C1A78F1C800176691 /* ParseUI.framework in Frameworks */,
				DD2BC32B1A78F1C800176691 /* ParseFacebookUtils.framework in Frameworks */,
				DD2BC32D1A78F32B00176691 /* Parse.framework in Frameworks */,
				DD174CAC1A78DEDE004695E0 /* Security.framework in Frameworks */,
				DD174CAA1A78DED3004695E0 /* QuartzCore.framework in Frameworks */,
				DD174CA81A78DEC3004695E0 /* MobileCoreServices.framework in Frameworks */,
				DD174CA61A78DEB9004695E0 /* CoreLocation.framework in Frameworks */,
				DD174CA41A78DEAA004695E0 /* CFNetwork.framework in Frameworks */,
				DD174CA21A78DEA2004695E0 /* AudioToolbox.framework in Frameworks */,
				DDE8E6A517AA042400B8AA4F /* UIKit.framework in Frameworks */,
				DDE8E6A717AA042400B8AA4F /* Foundation.framework in Frameworks */,
				DD1AFF651A90A7F8001276B5 /* libGoogleAnalyticsServices.a in Frameworks */,
				DDE8E6A917AA042400B8AA4F /* CoreGraphics.framework in Frameworks */,
				DD2BC3281A78F1C800176691 /* Bolts.framework in Frameworks */,
				DD2BC32A1A78F1C800176691 /* ParseCrashReporting.framework in Frameworks */,
			);
			runOnlyForDeploymentPostprocessing = 0;
		};
		DDE8E6C317AA042400B8AA4F /* Frameworks */ = {
			isa = PBXFrameworksBuildPhase;
			buildActionMask = 2147483647;
			files = (
				DD1FBE7518B607C000C7AB12 /* CoreGraphics.framework in Frameworks */,
				DDE8E6CA17AA042400B8AA4F /* UIKit.framework in Frameworks */,
				DDE8E6CB17AA042400B8AA4F /* Foundation.framework in Frameworks */,
			);
			runOnlyForDeploymentPostprocessing = 0;
		};
/* End PBXFrameworksBuildPhase section */

/* Begin PBXGroup section */
		AF1682A017F3F8A200973991 /* Images */ = {
			isa = PBXGroup;
			children = (
				DD2BC3201A78E5A000176691 /* Splash */,
				DDAD09A018F154920084C7A3 /* stamps */,
				DDAD099F18F154570084C7A3 /* backgrounds */,
				DDAD094818E946980084C7A3 /* icons */,
				DDA86CAB1A2B4CE30052D35F /* backView.png */,
				DD6A68BF1A307A4700EE68E5 /* iconTodo.png */,
				DD6A68A71A3063BE00EE68E5 /* contentsView.png */,
				DDDC7AC91A305C3E003592C3 /* closeView.png */,
				DD1A03AC1A31B08200C89E1A /* checkView_iPad.png */,
				DD1A03AD1A31B08200C89E1A /* checkView.png */,
				DDA86CBF1A2B5EAF0052D35F /* backView_iPadsize.png */,
				DDA86C711A2AE7630052D35F /* plusView_iPhone.png */,
				DDA86C5B1A2ADC170052D35F /* plusView_iPad.png */,
				DDA86C721A2AE7630052D35F /* trashView_iPhone.png */,
				DDA86C5F1A2ADE7A0052D35F /* trashView_iPad.png */,
				DD28FD531A94ABF70076079E /* clock.png */,
				DD28FD541A94ABF70076079E /* exclamation.png */,
			);
			name = Images;
			sourceTree = "<group>";
		};
		DD1AFF661A90A81A001276B5 /* GoogleAnalytics */ = {
			isa = PBXGroup;
			children = (
				DD1AFF5E1A90A799001276B5 /* GAI.h */,
				DD1AFF5F1A90A7B8001276B5 /* GAITracker.h */,
				DD1AFF601A90A7C0001276B5 /* GAITrackedViewController.h */,
				DD1AFF611A90A7CA001276B5 /* GAIDictionaryBuilder.h */,
				DD1AFF621A90A7DC001276B5 /* GAIFields.h */,
				DD1AFF631A90A7E3001276B5 /* GAILogger.h */,
				DD1AFF641A90A7F8001276B5 /* libGoogleAnalyticsServices.a */,
			);
			name = GoogleAnalytics;
			sourceTree = "<group>";
		};
		DD2BC3201A78E5A000176691 /* Splash */ = {
			isa = PBXGroup;
			children = (
				DDA86C671A2AE3620052D35F /* todoSplash_960.640.png */,
				DDA86C691A2AE3620052D35F /* todoSplash_1136.640.png */,
				DDA86C681A2AE3620052D35F /* todoSplash_1024.768.png */,
				DDA86C6D1A2AE41B0052D35F /* todoSplash_2048.1536.png */,
				DDA86C6F1A2AE4D60052D35F /* todoSplash_480.320.png */,
			);
			name = Splash;
			sourceTree = "<group>";
		};
		DD2BC3221A78F1C800176691 /* parse-library */ = {
			isa = PBXGroup;
			children = (
				DD2BC3231A78F1C800176691 /* Bolts.framework */,
				DD2BC3241A78F1C800176691 /* Parse.framework */,
				DD2BC3251A78F1C800176691 /* ParseCrashReporting.framework */,
				DD2BC3261A78F1C800176691 /* ParseFacebookUtils.framework */,
				DD2BC3271A78F1C800176691 /* ParseUI.framework */,
			);
			path = "parse-library";
			sourceTree = "<group>";
		};
		DDAD094818E946980084C7A3 /* icons */ = {
			isa = PBXGroup;
			children = (
				DD1FBE4F18B6056200C7AB12 /* todoicon_29.png */,
				DD1FBE5118B6056200C7AB12 /* todoicon_40.png */,
				DD1FBE5218B6056200C7AB12 /* todoicon_50.png */,
				DD1FBE5318B6056200C7AB12 /* todoicon_57.png */,
				DD1FBE5418B6056200C7AB12 /* todoicon_58.png */,
				DD1FBE5718B6056200C7AB12 /* todoicon_72.png */,
				DD1FBE5818B6056200C7AB12 /* todoicon_76.png */,
				DD1FBE5918B6056200C7AB12 /* todoicon_80.png */,
				DD1FBE5B18B6056200C7AB12 /* todoicon_100.png */,
				DD1FBE5C18B6056200C7AB12 /* todoicon_114.png */,
				DD1FBE5D18B6056200C7AB12 /* todoicon_120.png */,
				DD1FBE5E18B6056200C7AB12 /* todoicon_144.png */,
				DD1FBE5F18B6056200C7AB12 /* todoicon_152.png */,
			);
			name = icons;
			sourceTree = "<group>";
		};
		DDAD094918E9470E0084C7A3 /* controllers */ = {
			isa = PBXGroup;
			children = (
				DD050B601802E9AB00AF0FCE /* GraphViewController.h */,
				DD050B611802E9AB00AF0FCE /* GraphViewController.m */,
				DD6E155A17B90BD000D24891 /* SetteiViewController.h */,
				DD6E155B17B90BD000D24891 /* SetteiViewController.m */,
				DD8B6E5717BB191A00414607 /* StampViewController.h */,
				DD8B6E5817BB191A00414607 /* StampViewController.m */,
			);
			name = controllers;
			sourceTree = "<group>";
		};
		DDAD094A18E9472C0084C7A3 /* views */ = {
			isa = PBXGroup;
			children = (
				DD6A68A41A305F1700EE68E5 /* ContentsView.h */,
				DD6A68A51A305F1700EE68E5 /* ContentsView.m */,
			);
			name = views;
			sourceTree = "<group>";
		};
		DDAD099F18F154570084C7A3 /* backgrounds */ = {
			isa = PBXGroup;
			children = (
				DDFFA0FD1A2C69220065B15C /* iconBack.png */,
				DDA86CB91A2B54210052D35F /* setting.png */,
				DDA86CBB1A2B59150052D35F /* setting_3.5.png */,
				DDFFA1031A2DBD1B0065B15C /* setting_iPad.png */,
				DD04C6821A1CB688005B27AD /* todo01.png */,
				DDA86C551A2AD6490052D35F /* todo01_3.5.png */,
				DDA86C571A2AD7D00052D35F /* todo01_iPad.png */,
			);
			name = backgrounds;
			sourceTree = "<group>";
		};
		DDAD09A018F154920084C7A3 /* stamps */ = {
			isa = PBXGroup;
			children = (
				DDA86C811A2B0B110052D35F /* icon1_todo.png */,
				DDA86C7F1A2B0A760052D35F /* icon2_todo.png */,
				DDA86C851A2B0D570052D35F /* icon3_todo.png */,
				DDA86C8B1A2B0E8F0052D35F /* icon4_todo.png */,
				DDA86C8F1A2B30220052D35F /* icon5_todo.png */,
				DDA86C931A2B32900052D35F /* icon6_todo.png */,
				DDA86C9B1A2B441F0052D35F /* icon7_todo.png */,
				DDA86C9D1A2B45D00052D35F /* icon8_todo.png */,
				DDA86C9F1A2B46900052D35F /* icon9_todo.png */,
				DDA86CA31A2B48550052D35F /* icon10_todo.png */,
				DDA86CA71A2B4AD00052D35F /* icon11_todo.png */,
				DDA86CA91A2B4B940052D35F /* icon12_todo.png */,
				DD04C6921A1F4DB8005B27AD /* icon1.png */,
				DD04C6751A1B62A9005B27AD /* icon2.png */,
				DD04C6761A1B62A9005B27AD /* icon3.png */,
				DD04C6771A1B62A9005B27AD /* icon4.png */,
				DD04C6781A1B62A9005B27AD /* icon5.png */,
				DD04C6941A1F4DCB005B27AD /* icon6.png */,
				DD04C6881A1E0DEA005B27AD /* icon7.png */,
				DD04C6901A1F4DAA005B27AD /* icon8.png */,
				DD04C68E1A1E1206005B27AD /* icon9.png */,
				DD04C6981A20B56F005B27AD /* icon10.png */,
				DDA86C4B1A2605A70052D35F /* icon11.png */,
				DDA86C4C1A2605A70052D35F /* icon12.png */,
			);
			name = stamps;
			sourceTree = "<group>";
		};
		DDE8E69817AA042300B8AA4F = {
			isa = PBXGroup;
			children = (
				DD4C7B5B187D49FE00A7FC53 /* azuki.ttf */,
				DD1AFF661A90A81A001276B5 /* GoogleAnalytics */,
				DDE8E6AA17AA042400B8AA4F /* TODO graph */,
				DDE8E6CE17AA042400B8AA4F /* TODO graphTests */,
				DDE8E6A317AA042400B8AA4F /* Frameworks */,
				DDE8E6A217AA042400B8AA4F /* Products */,
			);
			sourceTree = "<group>";
		};
		DDE8E6A217AA042400B8AA4F /* Products */ = {
			isa = PBXGroup;
			children = (
				DDE8E6A117AA042400B8AA4F /* TODO graph.app */,
				DDE8E6C717AA042400B8AA4F /* TODO graphTests.xctest */,
			);
			name = Products;
			sourceTree = "<group>";
		};
		DDE8E6A317AA042400B8AA4F /* Frameworks */ = {
			isa = PBXGroup;
			children = (
				DD6CD8741A90778800477907 /* CoreData.framework */,
				DD6CD8721A90777A00477907 /* AdSupport.framework */,
				DD174CB31A78DF0F004695E0 /* libsqlite3.dylib */,
				DD174CB11A78DF03004695E0 /* libz.dylib */,
				DD2BC3221A78F1C800176691 /* parse-library */,
				DD174CAF1A78DEF4004695E0 /* SystemConfiguration.framework */,
				DD174CAB1A78DEDE004695E0 /* Security.framework */,
				DD174CA91A78DED3004695E0 /* QuartzCore.framework */,
				DD174CA71A78DEC3004695E0 /* MobileCoreServices.framework */,
				DD174CA51A78DEB9004695E0 /* CoreLocation.framework */,
				DD174CA31A78DEAA004695E0 /* CFNetwork.framework */,
				DD174CA11A78DEA2004695E0 /* AudioToolbox.framework */,
				DDE8E6A417AA042400B8AA4F /* UIKit.framework */,
				DDE8E6A617AA042400B8AA4F /* Foundation.framework */,
				DDE8E6A817AA042400B8AA4F /* CoreGraphics.framework */,
			);
			name = Frameworks;
			sourceTree = "<group>";
		};
		DDE8E6AA17AA042400B8AA4F /* TODO graph */ = {
			isa = PBXGroup;
			children = (
				DDAD094A18E9472C0084C7A3 /* views */,
				DDAD094918E9470E0084C7A3 /* controllers */,
				DDE8E6B317AA042400B8AA4F /* AppDelegate.h */,
				DDE8E6B417AA042400B8AA4F /* AppDelegate.m */,
				DDD1041918A2528C006DD1BD /* MainStoryboard.storyboard */,
				DDDED97D17E9B28600DC97FA /* Storyboard_3.5.storyboard */,
				DDDED97F17E9B37700DC97FA /* Storyboard_iPad.storyboard */,
				AF1682A017F3F8A200973991 /* Images */,
				DDA86C3D1A232D270052D35F /* Images.xcassets */,
				DDE8E6AB17AA042400B8AA4F /* Supporting Files */,
			);
			path = "TODO graph";
			sourceTree = "<group>";
		};
		DDE8E6AB17AA042400B8AA4F /* Supporting Files */ = {
			isa = PBXGroup;
			children = (
				DDE8E6AC17AA042400B8AA4F /* TODO graph-Info.plist */,
				DDE8E6AD17AA042400B8AA4F /* InfoPlist.strings */,
				DDE8E6B017AA042400B8AA4F /* main.m */,
				DDE8E6B217AA042400B8AA4F /* TODO graph-Prefix.pch */,
				DDE8E6B617AA042400B8AA4F /* Default.png */,
				DDE8E6B817AA042400B8AA4F /* Default@2x.png */,
				DDE8E6BA17AA042400B8AA4F /* Default-568h@2x.png */,
			);
			name = "Supporting Files";
			sourceTree = "<group>";
		};
		DDE8E6CE17AA042400B8AA4F /* TODO graphTests */ = {
			isa = PBXGroup;
			children = (
				DDE8E6D417AA042400B8AA4F /* TODO_graphTests.h */,
				DDE8E6D517AA042400B8AA4F /* TODO_graphTests.m */,
				DDE8E6CF17AA042400B8AA4F /* Supporting Files */,
			);
			path = "TODO graphTests";
			sourceTree = "<group>";
		};
		DDE8E6CF17AA042400B8AA4F /* Supporting Files */ = {
			isa = PBXGroup;
			children = (
				DDE8E6D017AA042400B8AA4F /* TODO graphTests-Info.plist */,
				DDE8E6D117AA042400B8AA4F /* InfoPlist.strings */,
			);
			name = "Supporting Files";
			sourceTree = "<group>";
		};
/* End PBXGroup section */

/* Begin PBXNativeTarget section */
		DDE8E6A017AA042400B8AA4F /* TODO graph */ = {
			isa = PBXNativeTarget;
			buildConfigurationList = DDE8E6D917AA042400B8AA4F /* Build configuration list for PBXNativeTarget "TODO graph" */;
			buildPhases = (
				DDE8E69D17AA042400B8AA4F /* Sources */,
				DDE8E69E17AA042400B8AA4F /* Frameworks */,
				DDE8E69F17AA042400B8AA4F /* Resources */,
			);
			buildRules = (
			);
			dependencies = (
			);
			name = "TODO graph";
			productName = "TODO graph";
			productReference = DDE8E6A117AA042400B8AA4F /* TODO graph.app */;
			productType = "com.apple.product-type.application";
		};
		DDE8E6C617AA042400B8AA4F /* TODO graphTests */ = {
			isa = PBXNativeTarget;
			buildConfigurationList = DDE8E6DC17AA042400B8AA4F /* Build configuration list for PBXNativeTarget "TODO graphTests" */;
			buildPhases = (
				DDE8E6C217AA042400B8AA4F /* Sources */,
				DDE8E6C317AA042400B8AA4F /* Frameworks */,
				DDE8E6C417AA042400B8AA4F /* Resources */,
				DDE8E6C517AA042400B8AA4F /* ShellScript */,
			);
			buildRules = (
			);
			dependencies = (
				DDE8E6CD17AA042400B8AA4F /* PBXTargetDependency */,
			);
			name = "TODO graphTests";
			productName = "TODO graphTests";
			productReference = DDE8E6C717AA042400B8AA4F /* TODO graphTests.xctest */;
			productType = "com.apple.product-type.bundle.unit-test";
		};
/* End PBXNativeTarget section */

/* Begin PBXProject section */
		DDE8E69917AA042400B8AA4F /* Project object */ = {
			isa = PBXProject;
			attributes = {
				LastTestingUpgradeCheck = 0510;
				LastUpgradeCheck = 0460;
				ORGANIZATIONNAME = "嶋本夏海";
				TargetAttributes = {
					DDE8E6A017AA042400B8AA4F = {
						DevelopmentTeam = SV24GV2B3T;
						SystemCapabilities = {
							com.apple.InAppPurchase = {
								enabled = 0;
							};
						};
					};
				};
			};
			buildConfigurationList = DDE8E69C17AA042400B8AA4F /* Build configuration list for PBXProject "TODO graph" */;
			compatibilityVersion = "Xcode 3.2";
			developmentRegion = English;
			hasScannedForEncodings = 0;
			knownRegions = (
				en,
			);
			mainGroup = DDE8E69817AA042300B8AA4F;
			productRefGroup = DDE8E6A217AA042400B8AA4F /* Products */;
			projectDirPath = "";
			projectRoot = "";
			targets = (
				DDE8E6A017AA042400B8AA4F /* TODO graph */,
				DDE8E6C617AA042400B8AA4F /* TODO graphTests */,
			);
		};
/* End PBXProject section */

/* Begin PBXResourcesBuildPhase section */
		DDE8E69F17AA042400B8AA4F /* Resources */ = {
			isa = PBXResourcesBuildPhase;
			buildActionMask = 2147483647;
			files = (
				DD28FD551A94ABF70076079E /* clock.png in Resources */,
				DD04C6831A1CB688005B27AD /* todo01.png in Resources */,
				DDA86C701A2AE4D60052D35F /* todoSplash_480.320.png in Resources */,
				DD1FBE6618B6056200C7AB12 /* todoicon_58.png in Resources */,
				DDA86CAA1A2B4B940052D35F /* icon12_todo.png in Resources */,
				DDA86C8C1A2B0E900052D35F /* icon4_todo.png in Resources */,
				DDE8E6AF17AA042400B8AA4F /* InfoPlist.strings in Resources */,
				DDA86CA01A2B46900052D35F /* icon9_todo.png in Resources */,
				DDD1041A18A2528C006DD1BD /* MainStoryboard.storyboard in Resources */,
				DD1FBE6518B6056200C7AB12 /* todoicon_57.png in Resources */,
				DD04C6991A20B56F005B27AD /* icon10.png in Resources */,
				DD1A03AF1A31B08200C89E1A /* checkView.png in Resources */,
				DD04C6931A1F4DB8005B27AD /* icon1.png in Resources */,
				DD6A68A81A3063BE00EE68E5 /* contentsView.png in Resources */,
				DD04C6911A1F4DAA005B27AD /* icon8.png in Resources */,
				DD1FBE6418B6056200C7AB12 /* todoicon_50.png in Resources */,
				DD04C68A1A1E0DEA005B27AD /* icon7.png in Resources */,
				DDA86C6C1A2AE3620052D35F /* todoSplash_1136.640.png in Resources */,
				DDA86C561A2AD6490052D35F /* todo01_3.5.png in Resources */,
				DDA86C941A2B32900052D35F /* icon6_todo.png in Resources */,
				DDA86C3E1A232D270052D35F /* Images.xcassets in Resources */,
				DD1FBE6F18B6056200C7AB12 /* todoicon_120.png in Resources */,
				DDE8E6B717AA042400B8AA4F /* Default.png in Resources */,
				DDA86C6A1A2AE3620052D35F /* todoSplash_960.640.png in Resources */,
				DDA86C801A2B0A760052D35F /* icon2_todo.png in Resources */,
				DDA86C6B1A2AE3620052D35F /* todoSplash_1024.768.png in Resources */,
				DD04C67C1A1B62A9005B27AD /* icon3.png in Resources */,
				DD1FBE6D18B6056200C7AB12 /* todoicon_100.png in Resources */,
				DDA86CAD1A2B4CE30052D35F /* backView.png in Resources */,
				DDE8E6B917AA042400B8AA4F /* Default@2x.png in Resources */,
				DDE8E6BB17AA042400B8AA4F /* Default-568h@2x.png in Resources */,
				DD04C68F1A1E1206005B27AD /* icon9.png in Resources */,
				DDDC7ACB1A305C3E003592C3 /* closeView.png in Resources */,
				DDFFA1041A2DBD1B0065B15C /* setting_iPad.png in Resources */,
				DDA86CBA1A2B54210052D35F /* setting.png in Resources */,
				DDA86C901A2B30220052D35F /* icon5_todo.png in Resources */,
				DDA86C861A2B0D570052D35F /* icon3_todo.png in Resources */,
				DDA86C4D1A2605A70052D35F /* icon11.png in Resources */,
				DDA86C581A2AD7D00052D35F /* todo01_iPad.png in Resources */,
				DD1FBE7118B6056200C7AB12 /* todoicon_152.png in Resources */,
				DDA86C821A2B0B110052D35F /* icon1_todo.png in Resources */,
				DD28FD561A94ABF70076079E /* exclamation.png in Resources */,
				DD1FBE6318B6056200C7AB12 /* todoicon_40.png in Resources */,
				DD1FBE6E18B6056200C7AB12 /* todoicon_114.png in Resources */,
				DDA86C9E1A2B45D00052D35F /* icon8_todo.png in Resources */,
				DD04C6951A1F4DCB005B27AD /* icon6.png in Resources */,
				DDA86CC11A2B5EAF0052D35F /* backView_iPadsize.png in Resources */,
				DDFFA0FE1A2C69220065B15C /* iconBack.png in Resources */,
				DDA86CA41A2B48550052D35F /* icon10_todo.png in Resources */,
				DD1FBE6A18B6056200C7AB12 /* todoicon_76.png in Resources */,
				DDA86CA81A2B4AD00052D35F /* icon11_todo.png in Resources */,
				DD1FBE6B18B6056200C7AB12 /* todoicon_80.png in Resources */,
				DD1A03AE1A31B08200C89E1A /* checkView_iPad.png in Resources */,
				DDA86CBC1A2B59150052D35F /* setting_3.5.png in Resources */,
				DD04C67D1A1B62A9005B27AD /* icon4.png in Resources */,
				DD4C7B5C187D49FE00A7FC53 /* azuki.ttf in Resources */,
				DD1FBE7018B6056200C7AB12 /* todoicon_144.png in Resources */,
				DDA86C9C1A2B441F0052D35F /* icon7_todo.png in Resources */,
				DDDED97E17E9B28600DC97FA /* Storyboard_3.5.storyboard in Resources */,
				DD1FBE6918B6056200C7AB12 /* todoicon_72.png in Resources */,
				DDA86C5C1A2ADC170052D35F /* plusView_iPad.png in Resources */,
				DD1FBE6118B6056200C7AB12 /* todoicon_29.png in Resources */,
				DDDED98017E9B37700DC97FA /* Storyboard_iPad.storyboard in Resources */,
				DD6A68C01A307A4700EE68E5 /* iconTodo.png in Resources */,
				DDA86C6E1A2AE41B0052D35F /* todoSplash_2048.1536.png in Resources */,
				DDA86C4E1A2605A70052D35F /* icon12.png in Resources */,
				DD04C67B1A1B62A9005B27AD /* icon2.png in Resources */,
				DDA86C601A2ADE7A0052D35F /* trashView_iPad.png in Resources */,
				DDA86C731A2AE7630052D35F /* plusView_iPhone.png in Resources */,
				DDA86C741A2AE7630052D35F /* trashView_iPhone.png in Resources */,
				DD04C67E1A1B62A9005B27AD /* icon5.png in Resources */,
			);
			runOnlyForDeploymentPostprocessing = 0;
		};
		DDE8E6C417AA042400B8AA4F /* Resources */ = {
			isa = PBXResourcesBuildPhase;
			buildActionMask = 2147483647;
			files = (
				DDE8E6D317AA042400B8AA4F /* InfoPlist.strings in Resources */,
			);
			runOnlyForDeploymentPostprocessing = 0;
		};
/* End PBXResourcesBuildPhase section */

/* Begin PBXShellScriptBuildPhase section */
		DDE8E6C517AA042400B8AA4F /* ShellScript */ = {
			isa = PBXShellScriptBuildPhase;
			buildActionMask = 2147483647;
			files = (
			);
			inputPaths = (
			);
			outputPaths = (
			);
			runOnlyForDeploymentPostprocessing = 0;
			shellPath = /bin/sh;
			shellScript = "# Run the unit tests in this test bundle.\n\"${SYSTEM_DEVELOPER_DIR}/Tools/RunUnitTests\"\n";
		};
/* End PBXShellScriptBuildPhase section */

/* Begin PBXSourcesBuildPhase section */
		DDE8E69D17AA042400B8AA4F /* Sources */ = {
			isa = PBXSourcesBuildPhase;
			buildActionMask = 2147483647;
			files = (
				DDE8E6B117AA042400B8AA4F /* main.m in Sources */,
				DDE8E6B517AA042400B8AA4F /* AppDelegate.m in Sources */,
				DD6E155C17B90BD000D24891 /* SetteiViewController.m in Sources */,
				DD8B6E5917BB191A00414607 /* StampViewController.m in Sources */,
				DD6A68A61A305F1700EE68E5 /* ContentsView.m in Sources */,
				DD050B621802E9AB00AF0FCE /* GraphViewController.m in Sources */,
			);
			runOnlyForDeploymentPostprocessing = 0;
		};
		DDE8E6C217AA042400B8AA4F /* Sources */ = {
			isa = PBXSourcesBuildPhase;
			buildActionMask = 2147483647;
			files = (
				DDE8E6D617AA042400B8AA4F /* TODO_graphTests.m in Sources */,
			);
			runOnlyForDeploymentPostprocessing = 0;
		};
/* End PBXSourcesBuildPhase section */

/* Begin PBXTargetDependency section */
		DDE8E6CD17AA042400B8AA4F /* PBXTargetDependency */ = {
			isa = PBXTargetDependency;
			target = DDE8E6A017AA042400B8AA4F /* TODO graph */;
			targetProxy = DDE8E6CC17AA042400B8AA4F /* PBXContainerItemProxy */;
		};
/* End PBXTargetDependency section */

/* Begin PBXVariantGroup section */
		DDE8E6AD17AA042400B8AA4F /* InfoPlist.strings */ = {
			isa = PBXVariantGroup;
			children = (
				DDE8E6AE17AA042400B8AA4F /* en */,
			);
			name = InfoPlist.strings;
			sourceTree = "<group>";
		};
		DDE8E6D117AA042400B8AA4F /* InfoPlist.strings */ = {
			isa = PBXVariantGroup;
			children = (
				DDE8E6D217AA042400B8AA4F /* en */,
			);
			name = InfoPlist.strings;
			sourceTree = "<group>";
		};
/* End PBXVariantGroup section */

/* Begin XCBuildConfiguration section */
		DDE8E6D717AA042400B8AA4F /* Debug */ = {
			isa = XCBuildConfiguration;
			buildSettings = {
				ALWAYS_SEARCH_USER_PATHS = NO;
				CLANG_CXX_LANGUAGE_STANDARD = "gnu++0x";
				CLANG_CXX_LIBRARY = "libc++";
				CLANG_ENABLE_OBJC_ARC = YES;
				CLANG_WARN_CONSTANT_CONVERSION = YES;
				CLANG_WARN_EMPTY_BODY = YES;
				CLANG_WARN_ENUM_CONVERSION = YES;
				CLANG_WARN_INT_CONVERSION = YES;
				CLANG_WARN__DUPLICATE_METHOD_MATCH = YES;
				CODE_SIGN_IDENTITY = "iPhone Developer: Mayumi Shimamoto (4GLY9T4QVK)";
				"CODE_SIGN_IDENTITY[sdk=iphoneos*]" = "iPhone Developer: Mayumi Shimamoto (4GLY9T4QVK)";
				COPY_PHASE_STRIP = NO;
				GCC_C_LANGUAGE_STANDARD = gnu99;
				GCC_DYNAMIC_NO_PIC = NO;
				GCC_OPTIMIZATION_LEVEL = 0;
				GCC_PREPROCESSOR_DEFINITIONS = (
					"DEBUG=1",
					"$(inherited)",
				);
				GCC_SYMBOLS_PRIVATE_EXTERN = NO;
				GCC_WARN_ABOUT_RETURN_TYPE = YES;
				GCC_WARN_UNINITIALIZED_AUTOS = YES;
				GCC_WARN_UNUSED_VARIABLE = YES;
				IPHONEOS_DEPLOYMENT_TARGET = 7.1;
				ONLY_ACTIVE_ARCH = YES;
				PROVISIONING_PROFILE = "bf8d76d5-34ce-4ebe-bf88-b181caa13ec9";
				SDKROOT = iphoneos;
			};
			name = Debug;
		};
		DDE8E6D817AA042400B8AA4F /* Release */ = {
			isa = XCBuildConfiguration;
			buildSettings = {
				ALWAYS_SEARCH_USER_PATHS = NO;
				CLANG_CXX_LANGUAGE_STANDARD = "gnu++0x";
				CLANG_CXX_LIBRARY = "libc++";
				CLANG_ENABLE_OBJC_ARC = YES;
				CLANG_WARN_CONSTANT_CONVERSION = YES;
				CLANG_WARN_EMPTY_BODY = YES;
				CLANG_WARN_ENUM_CONVERSION = YES;
				CLANG_WARN_INT_CONVERSION = YES;
				CLANG_WARN__DUPLICATE_METHOD_MATCH = YES;
				CODE_SIGN_IDENTITY = "iPhone Developer: Mayumi Shimamoto (4GLY9T4QVK)";
				"CODE_SIGN_IDENTITY[sdk=iphoneos*]" = "iPhone Developer: Mayumi Shimamoto (4GLY9T4QVK)";
				COPY_PHASE_STRIP = YES;
				GCC_C_LANGUAGE_STANDARD = gnu99;
				GCC_WARN_ABOUT_RETURN_TYPE = YES;
				GCC_WARN_UNINITIALIZED_AUTOS = YES;
				GCC_WARN_UNUSED_VARIABLE = YES;
				IPHONEOS_DEPLOYMENT_TARGET = 7.1;
				ONLY_ACTIVE_ARCH = YES;
				OTHER_CFLAGS = "-DNS_BLOCK_ASSERTIONS=1";
				PROVISIONING_PROFILE = "bf8d76d5-34ce-4ebe-bf88-b181caa13ec9";
				SDKROOT = iphoneos;
				VALIDATE_PRODUCT = YES;
			};
			name = Release;
		};
		DDE8E6DA17AA042400B8AA4F /* Debug */ = {
			isa = XCBuildConfiguration;
			buildSettings = {
				ASSETCATALOG_COMPILER_LAUNCHIMAGE_NAME = LaunchImage;
				CODE_SIGN_IDENTITY = "iPhone Developer: Mayumi Shimamoto (4GLY9T4QVK)";
				"CODE_SIGN_IDENTITY[sdk=iphoneos*]" = "iPhone Developer: Mayumi Shimamoto (4GLY9T4QVK)";
				FRAMEWORK_SEARCH_PATHS = "$(PROJECT_DIR)/parse-library";
				GCC_PRECOMPILE_PREFIX_HEADER = YES;
				GCC_PREFIX_HEADER = "TODO graph/TODO graph-Prefix.pch";
				INFOPLIST_FILE = "TODO graph/TODO graph-Info.plist";
				IPHONEOS_DEPLOYMENT_TARGET = 7.0;
				LIBRARY_SEARCH_PATHS = (
					"$(inherited)",
					"$(PROJECT_DIR)",
				);
				ONLY_ACTIVE_ARCH = YES;
				OTHER_LDFLAGS = "";
				PRODUCT_NAME = "$(TARGET_NAME)";
				PROVISIONING_PROFILE = "bf8d76d5-34ce-4ebe-bf88-b181caa13ec9";
				TARGETED_DEVICE_FAMILY = "1,2";
				VALID_ARCHS = "arm64 armv7s armv7";
				WRAPPER_EXTENSION = app;
			};
			name = Debug;
		};
		DDE8E6DB17AA042400B8AA4F /* Release */ = {
			isa = XCBuildConfiguration;
			buildSettings = {
				ASSETCATALOG_COMPILER_LAUNCHIMAGE_NAME = LaunchImage;
				CODE_SIGN_IDENTITY = "iPhone Developer: Mayumi Shimamoto (4GLY9T4QVK)";
				"CODE_SIGN_IDENTITY[sdk=iphoneos*]" = "iPhone Developer: Mayumi Shimamoto (4GLY9T4QVK)";
				FRAMEWORK_SEARCH_PATHS = "$(PROJECT_DIR)/parse-library";
				GCC_PRECOMPILE_PREFIX_HEADER = YES;
				GCC_PREFIX_HEADER = "TODO graph/TODO graph-Prefix.pch";
				INFOPLIST_FILE = "TODO graph/TODO graph-Info.plist";
				IPHONEOS_DEPLOYMENT_TARGET = 7.0;
				LIBRARY_SEARCH_PATHS = (
					"$(inherited)",
					"$(PROJECT_DIR)",
				);
				OTHER_LDFLAGS = "";
				PRODUCT_NAME = "$(TARGET_NAME)";
				PROVISIONING_PROFILE = "bf8d76d5-34ce-4ebe-bf88-b181caa13ec9";
				TARGETED_DEVICE_FAMILY = "1,2";
				VALID_ARCHS = "arm64 armv7s armv7";
				WRAPPER_EXTENSION = app;
			};
			name = Release;
		};
		DDE8E6DD17AA042400B8AA4F /* Debug */ = {
			isa = XCBuildConfiguration;
			buildSettings = {
				BUNDLE_LOADER = "$(BUILT_PRODUCTS_DIR)/TODO graph.app/TODO graph";
				FRAMEWORK_SEARCH_PATHS = (
					"\\\\\\\"$(SDKROOT)/Developer/Library/Frameworks\\\\\\\"",
					"\\\\\\\"$(DEVELOPER_LIBRARY_DIR)/Frameworks\\\\\\\"",
					"$(DEVELOPER_FRAMEWORKS_DIR)",
					"$(inherited)",
				);
				GCC_PRECOMPILE_PREFIX_HEADER = YES;
				GCC_PREFIX_HEADER = "TODO graph/TODO graph-Prefix.pch";
				INFOPLIST_FILE = "TODO graphTests/TODO graphTests-Info.plist";
				PRODUCT_NAME = "$(TARGET_NAME)";
				TEST_HOST = "$(BUNDLE_LOADER)";
			};
			name = Debug;
		};
		DDE8E6DE17AA042400B8AA4F /* Release */ = {
			isa = XCBuildConfiguration;
			buildSettings = {
				BUNDLE_LOADER = "$(BUILT_PRODUCTS_DIR)/TODO graph.app/TODO graph";
				FRAMEWORK_SEARCH_PATHS = (
					"\\\\\\\"$(SDKROOT)/Developer/Library/Frameworks\\\\\\\"",
					"\\\\\\\"$(DEVELOPER_LIBRARY_DIR)/Frameworks\\\\\\\"",
					"$(DEVELOPER_FRAMEWORKS_DIR)",
					"$(inherited)",
				);
				GCC_PRECOMPILE_PREFIX_HEADER = YES;
				GCC_PREFIX_HEADER = "TODO graph/TODO graph-Prefix.pch";
				INFOPLIST_FILE = "TODO graphTests/TODO graphTests-Info.plist";
				PRODUCT_NAME = "$(TARGET_NAME)";
				TEST_HOST = "$(BUNDLE_LOADER)";
			};
			name = Release;
		};
/* End XCBuildConfiguration section */

/* Begin XCConfigurationList section */
		DDE8E69C17AA042400B8AA4F /* Build configuration list for PBXProject "TODO graph" */ = {
			isa = XCConfigurationList;
			buildConfigurations = (
				DDE8E6D717AA042400B8AA4F /* Debug */,
				DDE8E6D817AA042400B8AA4F /* Release */,
			);
			defaultConfigurationIsVisible = 0;
			defaultConfigurationName = Release;
		};
		DDE8E6D917AA042400B8AA4F /* Build configuration list for PBXNativeTarget "TODO graph" */ = {
			isa = XCConfigurationList;
			buildConfigurations = (
				DDE8E6DA17AA042400B8AA4F /* Debug */,
				DDE8E6DB17AA042400B8AA4F /* Release */,
			);
			defaultConfigurationIsVisible = 0;
			defaultConfigurationName = Release;
		};
		DDE8E6DC17AA042400B8AA4F /* Build configuration list for PBXNativeTarget "TODO graphTests" */ = {
			isa = XCConfigurationList;
			buildConfigurations = (
				DDE8E6DD17AA042400B8AA4F /* Debug */,
				DDE8E6DE17AA042400B8AA4F /* Release */,
			);
			defaultConfigurationIsVisible = 0;
			defaultConfigurationName = Release;
		};
/* End XCConfigurationList section */
	};
	rootObject = DDE8E69917AA042400B8AA4F /* Project object */;
}
